
Microsoft Visual Studio Solution File, Format Version 12.00
# Visual Studio Version 16
VisualStudioVersion = 16.0.29209.62
MinimumVisualStudioVersion = 10.0.40219.1
Project("{9A19103F-16F7-4668-BE54-9A1E7A4F7556}") = "ClassesConstructor", "ClassesConstructor.csproj", "{13915538-756E-46B4-B0F8-0D2FE1A47B9D}"
EndProject
Project("{9A19103F-16F7-4668-BE54-9A1E7A4F7556}") = "Объект класса как параметр метода", "..\ConsoleApp2\Объект класса как параметр метода.csproj", "{BD0D3C9E-5774-4AB3-B342-17454003462B}"
EndProject
Project("{9A19103F-16F7-4668-BE54-9A1E7A4F7556}") = "Свойства Property", "..\Свойства Property\Свойства Property.csproj", "{9FE5A928-3E67-4E9A-9D9E-1A26E8B5BAEA}"
EndProject
Project("{9A19103F-16F7-4668-BE54-9A1E7A4F7556}") = "Пеегрузка_Методов", "..\Пеегрузка_Методов\Пеегрузка_Методов.csproj", "{7BC33B23-3754-4035-ADE6-34C977040EC9}"
EndProject
Project("{9A19103F-16F7-4668-BE54-9A1E7A4F7556}") = "Static", "..\Static\Static.csproj", "{D934EA96-0CFC-4441-A908-AC44EB6C3676}"
EndProject
Project("{9A19103F-16F7-4668-BE54-9A1E7A4F7556}") = "Перегрузка_Операторов", "..\Перегрузка_Операторов\Перегрузка_Операторов.csproj", "{6DB2CA87-1BB7-4C5B-8D14-984FA305F5E4}"
EndProject
Project("{9A19103F-16F7-4668-BE54-9A1E7A4F7556}") = "Перегрузка_операций_преобр_типов", "..\Перегрузка_операций_преобр_типов\Перегрузка_операций_преобр_типов.csproj", "{316A2577-E7AE-411B-A4F6-DEBE83BE75A9}"
EndProject
Project("{FAE04EC0-301F-11D3-BF4B-00C04F79EFBC}") = "Преобр-е_типов", "Преобр-е_типов\Преобр-е_типов.csproj", "{D4646F46-85A4-4C92-93AD-5EE6B1FA0A70}"
EndProject
Global
	GlobalSection(SolutionConfigurationPlatforms) = preSolution
		Debug|Any CPU = Debug|Any CPU
		Release|Any CPU = Release|Any CPU
	EndGlobalSection
	GlobalSection(ProjectConfigurationPlatforms) = postSolution
		{13915538-756E-46B4-B0F8-0D2FE1A47B9D}.Debug|Any CPU.ActiveCfg = Debug|Any CPU
		{13915538-756E-46B4-B0F8-0D2FE1A47B9D}.Debug|Any CPU.Build.0 = Debug|Any CPU
		{13915538-756E-46B4-B0F8-0D2FE1A47B9D}.Release|Any CPU.ActiveCfg = Release|Any CPU
		{13915538-756E-46B4-B0F8-0D2FE1A47B9D}.Release|Any CPU.Build.0 = Release|Any CPU
		{BD0D3C9E-5774-4AB3-B342-17454003462B}.Debug|Any CPU.ActiveCfg = Debug|Any CPU
		{BD0D3C9E-5774-4AB3-B342-17454003462B}.Debug|Any CPU.Build.0 = Debug|Any CPU
		{BD0D3C9E-5774-4AB3-B342-17454003462B}.Release|Any CPU.ActiveCfg = Release|Any CPU
		{BD0D3C9E-5774-4AB3-B342-17454003462B}.Release|Any CPU.Build.0 = Release|Any CPU
		{9FE5A928-3E67-4E9A-9D9E-1A26E8B5BAEA}.Debug|Any CPU.ActiveCfg = Debug|Any CPU
		{9FE5A928-3E67-4E9A-9D9E-1A26E8B5BAEA}.Debug|Any CPU.Build.0 = Debug|Any CPU
		{9FE5A928-3E67-4E9A-9D9E-1A26E8B5BAEA}.Release|Any CPU.ActiveCfg = Release|Any CPU
		{9FE5A928-3E67-4E9A-9D9E-1A26E8B5BAEA}.Release|Any CPU.Build.0 = Release|Any CPU
		{7BC33B23-3754-4035-ADE6-34C977040EC9}.Debug|Any CPU.ActiveCfg = Debug|Any CPU
		{7BC33B23-3754-4035-ADE6-34C977040EC9}.Debug|Any CPU.Build.0 = Debug|Any CPU
		{7BC33B23-3754-4035-ADE6-34C977040EC9}.Release|Any CPU.ActiveCfg = Release|Any CPU
		{7BC33B23-3754-4035-ADE6-34C977040EC9}.Release|Any CPU.Build.0 = Release|Any CPU
		{D934EA96-0CFC-4441-A908-AC44EB6C3676}.Debug|Any CPU.ActiveCfg = Debug|Any CPU
		{D934EA96-0CFC-4441-A908-AC44EB6C3676}.Debug|Any CPU.Build.0 = Debug|Any CPU
		{D934EA96-0CFC-4441-A908-AC44EB6C3676}.Release|Any CPU.ActiveCfg = Release|Any CPU
		{D934EA96-0CFC-4441-A908-AC44EB6C3676}.Release|Any CPU.Build.0 = Release|Any CPU
		{6DB2CA87-1BB7-4C5B-8D14-984FA305F5E4}.Debug|Any CPU.ActiveCfg = Debug|Any CPU
		{6DB2CA87-1BB7-4C5B-8D14-984FA305F5E4}.Debug|Any CPU.Build.0 = Debug|Any CPU
		{6DB2CA87-1BB7-4C5B-8D14-984FA305F5E4}.Release|Any CPU.ActiveCfg = Release|Any CPU
		{6DB2CA87-1BB7-4C5B-8D14-984FA305F5E4}.Release|Any CPU.Build.0 = Release|Any CPU
		{316A2577-E7AE-411B-A4F6-DEBE83BE75A9}.Debug|Any CPU.ActiveCfg = Debug|Any CPU
		{316A2577-E7AE-411B-A4F6-DEBE83BE75A9}.Debug|Any CPU.Build.0 = Debug|Any CPU
		{316A2577-E7AE-411B-A4F6-DEBE83BE75A9}.Release|Any CPU.ActiveCfg = Release|Any CPU
		{316A2577-E7AE-411B-A4F6-DEBE83BE75A9}.Release|Any CPU.Build.0 = Release|Any CPU
		{D4646F46-85A4-4C92-93AD-5EE6B1FA0A70}.Debug|Any CPU.ActiveCfg = Debug|Any CPU
		{D4646F46-85A4-4C92-93AD-5EE6B1FA0A70}.Debug|Any CPU.Build.0 = Debug|Any CPU
		{D4646F46-85A4-4C92-93AD-5EE6B1FA0A70}.Release|Any CPU.ActiveCfg = Release|Any CPU
		{D4646F46-85A4-4C92-93AD-5EE6B1FA0A70}.Release|Any CPU.Build.0 = Release|Any CPU
	EndGlobalSection
	GlobalSection(SolutionProperties) = preSolution
		HideSolutionNode = FALSE
	EndGlobalSection
	GlobalSection(ExtensibilityGlobals) = postSolution
		SolutionGuid = {66ED217C-79D9-4AB2-8273-A06F8EBB3057}
	EndGlobalSection
EndGlobal
